{
  "name": "command-palette-plus",
  "version": "0.43.5",
  "lockfileVersion": 3,
  "requires": true,
  "packages": {
    "": {
      "name": "command-palette-plus",
      "version": "0.43.5",
      "license": "MIT",
      "dependencies": {
        "pulsar-select-list": "^1.0.0",
        "underscore-plus": "^1.0.0"
      },
      "engines": {
        "atom": "*"
      }
    },
    "node_modules/diacritic": {
      "version": "0.0.2",
      "resolved": "https://registry.npmjs.org/diacritic/-/diacritic-0.0.2.tgz",
      "integrity": "sha512-iQCeDkSPwkfwWPr+HZZ49WRrM2FSI9097Q9w7agyRCdLcF9Eh2Ek0sHKcmMWx2oZVBjRBE/sziGFjZu0uf1Jbg==",
      "license": "MIT"
    },
    "node_modules/etch": {
      "version": "0.14.1",
      "resolved": "https://registry.npmjs.org/etch/-/etch-0.14.1.tgz",
      "integrity": "sha512-+IwqSDBhaQFMUHJu4L/ir0dhDoW5IIihg4Z9lzsIxxne8V0PlSg0gnk2STaKWjGJQnDR4cxpA+a/dORX9kycTA==",
      "license": "MIT"
    },
    "node_modules/pulsar-select-list": {
      "version": "1.2.0",
      "resolved": "https://registry.npmjs.org/pulsar-select-list/-/pulsar-select-list-1.2.0.tgz",
      "integrity": "sha512-Cvf0E/0rAgNBZSC2GMAXjpK+6lXil0KiyjuiJgukytlLsd1n6H2HxtqwNBP5eAy0ghMZUq2PjYeIqE8lH0PRVA==",
      "license": "MIT",
      "dependencies": {
        "diacritic": "^0.0.2",
        "etch": "^0.14.0"
      }
    },
    "node_modules/underscore": {
      "version": "1.13.6",
      "resolved": "https://registry.npmjs.org/underscore/-/underscore-1.13.6.tgz",
      "integrity": "sha512-+A5Sja4HP1M08MaXya7p5LvjuM7K6q/2EaC0+iovj/wOcMsTzMvDFbasi/oSapiwOlt252IqsKqPjCl7huKS0A=="
    },
    "node_modules/underscore-plus": {
      "version": "1.7.0",
      "resolved": "https://registry.npmjs.org/underscore-plus/-/underscore-plus-1.7.0.tgz",
      "integrity": "sha512-A3BEzkeicFLnr+U/Q3EyWwJAQPbA19mtZZ4h+lLq3ttm9kn8WC4R3YpuJZEXmWdLjYP47Zc8aLZm9kwdv+zzvA==",
      "dependencies": {
        "underscore": "^1.9.1"
      }
    }
  }
}
